# THIS IS AN AUTOGENERATED FILE. DO NOT EDIT THIS FILE DIRECTLY.
# yarn lockfile v1


"@types/node@^18.7.18":
  version "18.7.18"
  resolved "https://registry.yarnpkg.com/@types/node/-/node-18.7.18.tgz#633184f55c322e4fb08612307c274ee6d5ed3154"
  integrity sha512-m+6nTEOadJZuTPkKR/SYK3A2d7FZrgElol9UP1Kae90VVU4a6mxnPuLiIW1m4Cq4gZ/nWb9GrdVXJCoCazDAbg==

twitter-api-v2@^1.12.6:
  version "1.12.6"
  resolved "https://registry.yarnpkg.com/twitter-api-v2/-/twitter-api-v2-1.12.6.tgz#ce09910074fc8dc18fd09dab97e57303ec20927a"
  integrity sha512-KLpi4dNbxgX/eBWG323LqNhQdHXT6aD4g5cFj1tOIQqYtNCh/VuJZ5YBr+UJUe0FsTQWPF9M5aFoHaxM041iUQ==
